// !$*UTF8*$!
{
	archiveVersion = 1;
	classes = {
	};
	objectVersion = 46;
	objects = {

/* Begin PBXBuildFile section */
		8375683816DBFD99002687C4 /* UIKit.framework in Frameworks */ = {isa = PBXBuildFile; fileRef = 8375683716DBFD99002687C4 /* UIKit.framework */; };
		8375683A16DBFD99002687C4 /* Foundation.framework in Frameworks */ = {isa = PBXBuildFile; fileRef = 8375683916DBFD99002687C4 /* Foundation.framework */; };
		8375683C16DBFD99002687C4 /* CoreGraphics.framework in Frameworks */ = {isa = PBXBuildFile; fileRef = 8375683B16DBFD99002687C4 /* CoreGraphics.framework */; };
		8375684216DBFD99002687C4 /* InfoPlist.strings in Resources */ = {isa = PBXBuildFile; fileRef = 8375684016DBFD99002687C4 /* InfoPlist.strings */; };
		8375684416DBFD99002687C4 /* main.m in Sources */ = {isa = PBXBuildFile; fileRef = 8375684316DBFD99002687C4 /* main.m */; };
		8375684816DBFD99002687C4 /* AppDelegate.m in Sources */ = {isa = PBXBuildFile; fileRef = 8375684716DBFD99002687C4 /* AppDelegate.m */; };
		8375684A16DBFD99002687C4 /* Default.png in Resources */ = {isa = PBXBuildFile; fileRef = 8375684916DBFD99002687C4 /* Default.png */; };
		8375684C16DBFD99002687C4 /* Default@2x.png in Resources */ = {isa = PBXBuildFile; fileRef = 8375684B16DBFD99002687C4 /* Default@2x.png */; };
		8375684E16DBFD99002687C4 /* Default-568h@2x.png in Resources */ = {isa = PBXBuildFile; fileRef = 8375684D16DBFD99002687C4 /* Default-568h@2x.png */; };
		8375685116DBFD99002687C4 /* ViewController.m in Sources */ = {isa = PBXBuildFile; fileRef = 8375685016DBFD99002687C4 /* ViewController.m */; };
		8375685416DBFD99002687C4 /* ViewController.xib in Resources */ = {isa = PBXBuildFile; fileRef = 8375685216DBFD99002687C4 /* ViewController.xib */; };
		8375686116DC2494002687C4 /* GalileoControl.framework in Frameworks */ = {isa = PBXBuildFile; fileRef = 8375686016DC2494002687C4 /* GalileoControl.framework */; };
		8375686316DC2DB1002687C4 /* libxml2.dylib in Frameworks */ = {isa = PBXBuildFile; fileRef = 8375686216DC2DB1002687C4 /* libxml2.dylib */; };
		8375686516DC2E0A002687C4 /* ExternalAccessory.framework in Frameworks */ = {isa = PBXBuildFile; fileRef = 8375686416DC2E0A002687C4 /* ExternalAccessory.framework */; };
/* End PBXBuildFile section */

/* Begin PBXFileReference section */
		8375683416DBFD99002687C4 /* HelloWorldGalileo.app */ = {isa = PBXFileReference; explicitFileType = wrapper.application; includeInIndex = 0; path = HelloWorldGalileo.app; sourceTree = BUILT_PRODUCTS_DIR; };
		8375683716DBFD99002687C4 /* UIKit.framework */ = {isa = PBXFileReference; lastKnownFileType = wrapper.framework; name = UIKit.framework; path = System/Library/Frameworks/UIKit.framework; sourceTree = SDKROOT; };
		8375683916DBFD99002687C4 /* Foundation.framework */ = {isa = PBXFileReference; lastKnownFileType = wrapper.framework; name = Foundation.framework; path = System/Library/Frameworks/Foundation.framework; sourceTree = SDKROOT; };
		8375683B16DBFD99002687C4 /* CoreGraphics.framework */ = {isa = PBXFileReference; lastKnownFileType = wrapper.framework; name = CoreGraphics.framework; path = System/Library/Frameworks/CoreGraphics.framework; sourceTree = SDKROOT; };
		8375683F16DBFD99002687C4 /* HelloWorldGalileo-Info.plist */ = {isa = PBXFileReference; lastKnownFileType = text.plist.xml; path = "HelloWorldGalileo-Info.plist"; sourceTree = "<group>"; };
		8375684116DBFD99002687C4 /* en */ = {isa = PBXFileReference; lastKnownFileType = text.plist.strings; name = en; path = en.lproj/InfoPlist.strings; sourceTree = "<group>"; };
		8375684316DBFD99002687C4 /* main.m */ = {isa = PBXFileReference; lastKnownFileType = sourcecode.c.objc; path = main.m; sourceTree = "<group>"; };
		8375684516DBFD99002687C4 /* HelloWorldGalileo-Prefix.pch */ = {isa = PBXFileReference; lastKnownFileType = sourcecode.c.h; path = "HelloWorldGalileo-Prefix.pch"; sourceTree = "<group>"; };
		8375684616DBFD99002687C4 /* AppDelegate.h */ = {isa = PBXFileReference; lastKnownFileType = sourcecode.c.h; path = AppDelegate.h; sourceTree = "<group>"; };
		8375684716DBFD99002687C4 /* AppDelegate.m */ = {isa = PBXFileReference; lastKnownFileType = sourcecode.c.objc; path = AppDelegate.m; sourceTree = "<group>"; };
		8375684916DBFD99002687C4 /* Default.png */ = {isa = PBXFileReference; lastKnownFileType = image.png; path = Default.png; sourceTree = "<group>"; };
		8375684B16DBFD99002687C4 /* Default@2x.png */ = {isa = PBXFileReference; lastKnownFileType = image.png; path = "Default@2x.png"; sourceTree = "<group>"; };
		8375684D16DBFD99002687C4 /* Default-568h@2x.png */ = {isa = PBXFileReference; lastKnownFileType = image.png; path = "Default-568h@2x.png"; sourceTree = "<group>"; };
		8375684F16DBFD99002687C4 /* ViewController.h */ = {isa = PBXFileReference; lastKnownFileType = sourcecode.c.h; path = ViewController.h; sourceTree = "<group>"; };
		8375685016DBFD99002687C4 /* ViewController.m */ = {isa = PBXFileReference; lastKnownFileType = sourcecode.c.objc; path = ViewController.m; sourceTree = "<group>"; };
		8375685316DBFD99002687C4 /* en */ = {isa = PBXFileReference; lastKnownFileType = file.xib; name = en; path = en.lproj/ViewController.xib; sourceTree = "<group>"; };
		8375686016DC2494002687C4 /* GalileoControl.framework */ = {isa = PBXFileReference; lastKnownFileType = wrapper.framework; name = GalileoControl.framework; path = "../Galileo-iOS-SDK/frameworks/GalileoControl.framework"; sourceTree = "<group>"; };
		8375686216DC2DB1002687C4 /* libxml2.dylib */ = {isa = PBXFileReference; lastKnownFileType = "compiled.mach-o.dylib"; name = libxml2.dylib; path = usr/lib/libxml2.dylib; sourceTree = SDKROOT; };
		8375686416DC2E0A002687C4 /* ExternalAccessory.framework */ = {isa = PBXFileReference; lastKnownFileType = wrapper.framework; name = ExternalAccessory.framework; path = System/Library/Frameworks/ExternalAccessory.framework; sourceTree = SDKROOT; };
/* End PBXFileReference section */

/* Begin PBXFrameworksBuildPhase section */
		8375683116DBFD99002687C4 /* Frameworks */ = {
			isa = PBXFrameworksBuildPhase;
			buildActionMask = 2147483647;
			files = (
				8375686516DC2E0A002687C4 /* ExternalAccessory.framework in Frameworks */,
				8375686316DC2DB1002687C4 /* libxml2.dylib in Frameworks */,
				8375683816DBFD99002687C4 /* UIKit.framework in Frameworks */,
				8375683A16DBFD99002687C4 /* Foundation.framework in Frameworks */,
				8375683C16DBFD99002687C4 /* CoreGraphics.framework in Frameworks */,
				8375686116DC2494002687C4 /* GalileoControl.framework in Frameworks */,
			);
			runOnlyForDeploymentPostprocessing = 0;
		};
/* End PBXFrameworksBuildPhase section */

/* Begin PBXGroup section */
		8375682B16DBFD99002687C4 = {
			isa = PBXGroup;
			children = (
				8375683D16DBFD99002687C4 /* HelloWorldGalileo */,
				8375683616DBFD99002687C4 /* Frameworks */,
				8375683516DBFD99002687C4 /* Products */,
			);
			sourceTree = "<group>";
		};
		8375683516DBFD99002687C4 /* Products */ = {
			isa = PBXGroup;
			children = (
				8375683416DBFD99002687C4 /* HelloWorldGalileo.app */,
			);
			name = Products;
			sourceTree = "<group>";
		};
		8375683616DBFD99002687C4 /* Frameworks */ = {
			isa = PBXGroup;
			children = (
				8375686216DC2DB1002687C4 /* libxml2.dylib */,
				8375686416DC2E0A002687C4 /* ExternalAccessory.framework */,
				8375686016DC2494002687C4 /* GalileoControl.framework */,
				8375683716DBFD99002687C4 /* UIKit.framework */,
				8375683916DBFD99002687C4 /* Foundation.framework */,
				8375683B16DBFD99002687C4 /* CoreGraphics.framework */,
			);
			name = Frameworks;
			sourceTree = "<group>";
		};
		8375683D16DBFD99002687C4 /* HelloWorldGalileo */ = {
			isa = PBXGroup;
			children = (
				8375684616DBFD99002687C4 /* AppDelegate.h */,
				8375684716DBFD99002687C4 /* AppDelegate.m */,
				8375684F16DBFD99002687C4 /* ViewController.h */,
				8375685016DBFD99002687C4 /* ViewController.m */,
				8375685216DBFD99002687C4 /* ViewController.xib */,
				8375683E16DBFD99002687C4 /* Supporting Files */,
			);
			path = HelloWorldGalileo;
			sourceTree = "<group>";
		};
		8375683E16DBFD99002687C4 /* Supporting Files */ = {
			isa = PBXGroup;
			children = (
				8375683F16DBFD99002687C4 /* HelloWorldGalileo-Info.plist */,
				8375684016DBFD99002687C4 /* InfoPlist.strings */,
				8375684316DBFD99002687C4 /* main.m */,
				8375684516DBFD99002687C4 /* HelloWorldGalileo-Prefix.pch */,
				8375684916DBFD99002687C4 /* Default.png */,
				8375684B16DBFD99002687C4 /* Default@2x.png */,
				8375684D16DBFD99002687C4 /* Default-568h@2x.png */,
			);
			name = "Supporting Files";
			sourceTree = "<group>";
		};
/* End PBXGroup section */

/* Begin PBXNativeTarget section */
		8375683316DBFD99002687C4 /* HelloWorldGalileo */ = {
			isa = PBXNativeTarget;
			buildConfigurationList = 8375685716DBFD99002687C4 /* Build configuration list for PBXNativeTarget "HelloWorldGalileo" */;
			buildPhases = (
				8375683016DBFD99002687C4 /* Sources */,
				8375683116DBFD99002687C4 /* Frameworks */,
				8375683216DBFD99002687C4 /* Resources */,
			);
			buildRules = (
			);
			dependencies = (
			);
			name = HelloWorldGalileo;
			productName = HelloWorldGalileo;
			productReference = 8375683416DBFD99002687C4 /* HelloWorldGalileo.app */;
			productType = "com.apple.product-type.application";
		};
/* End PBXNativeTarget section */

/* Begin PBXProject section */
		8375682C16DBFD99002687C4 /* Project object */ = {
			isa = PBXProject;
			attributes = {
				LastUpgradeCheck = 0460;
				ORGANIZATIONNAME = "Chris Harding";
			};
			buildConfigurationList = 8375682F16DBFD99002687C4 /* Build configuration list for PBXProject "HelloWorldGalileo" */;
			compatibilityVersion = "Xcode 3.2";
			developmentRegion = English;
			hasScannedForEncodings = 0;
			knownRegions = (
				en,
			);
			mainGroup = 8375682B16DBFD99002687C4;
			productRefGroup = 8375683516DBFD99002687C4 /* Products */;
			projectDirPath = "";
			projectRoot = "";
			targets = (
				8375683316DBFD99002687C4 /* HelloWorldGalileo */,
			);
		};
/* End PBXProject section */

/* Begin PBXResourcesBuildPhase section */
		8375683216DBFD99002687C4 /* Resources */ = {
			isa = PBXResourcesBuildPhase;
			buildActionMask = 2147483647;
			files = (
				8375684216DBFD99002687C4 /* InfoPlist.strings in Resources */,
				8375684A16DBFD99002687C4 /* Default.png in Resources */,
				8375684C16DBFD99002687C4 /* Default@2x.png in Resources */,
				8375684E16DBFD99002687C4 /* Default-568h@2x.png in Resources */,
				8375685416DBFD99002687C4 /* ViewController.xib in Resources */,
			);
			runOnlyForDeploymentPostprocessing = 0;
		};
/* End PBXResourcesBuildPhase section */

/* Begin PBXSourcesBuildPhase section */
		8375683016DBFD99002687C4 /* Sources */ = {
			isa = PBXSourcesBuildPhase;
			buildActionMask = 2147483647;
			files = (
				8375684416DBFD99002687C4 /* main.m in Sources */,
				8375684816DBFD99002687C4 /* AppDelegate.m in Sources */,
				8375685116DBFD99002687C4 /* ViewController.m in Sources */,
			);
			runOnlyForDeploymentPostprocessing = 0;
		};
/* End PBXSourcesBuildPhase section */

/* Begin PBXVariantGroup section */
		8375684016DBFD99002687C4 /* InfoPlist.strings */ = {
			isa = PBXVariantGroup;
			children = (
				8375684116DBFD99002687C4 /* en */,
			);
			name = InfoPlist.strings;
			sourceTree = "<group>";
		};
		8375685216DBFD99002687C4 /* ViewController.xib */ = {
			isa = PBXVariantGroup;
			children = (
				8375685316DBFD99002687C4 /* en */,
			);
			name = ViewController.xib;
			sourceTree = "<group>";
		};
/* End PBXVariantGroup section */

/* Begin XCBuildConfiguration section */
		8375685516DBFD99002687C4 /* Debug */ = {
			isa = XCBuildConfiguration;
			buildSettings = {
				ALWAYS_SEARCH_USER_PATHS = NO;
				CLANG_CXX_LANGUAGE_STANDARD = "gnu++0x";
				CLANG_CXX_LIBRARY = "libc++";
				CLANG_ENABLE_OBJC_ARC = YES;
				CLANG_WARN_CONSTANT_CONVERSION = YES;
				CLANG_WARN_EMPTY_BODY = YES;
				CLANG_WARN_ENUM_CONVERSION = YES;
				CLANG_WARN_INT_CONVERSION = YES;
				CLANG_WARN__DUPLICATE_METHOD_MATCH = YES;
				"CODE_SIGN_IDENTITY[sdk=iphoneos*]" = "iPhone Developer";
				COPY_PHASE_STRIP = NO;
				GCC_C_LANGUAGE_STANDARD = gnu99;
				GCC_DYNAMIC_NO_PIC = NO;
				GCC_OPTIMIZATION_LEVEL = 0;
				GCC_PREPROCESSOR_DEFINITIONS = (
					"DEBUG=1",
					"$(inherited)",
				);
				GCC_SYMBOLS_PRIVATE_EXTERN = NO;
				GCC_WARN_ABOUT_RETURN_TYPE = YES;
				GCC_WARN_UNINITIALIZED_AUTOS = YES;
				GCC_WARN_UNUSED_VARIABLE = YES;
				IPHONEOS_DEPLOYMENT_TARGET = 5.0;
				ONLY_ACTIVE_ARCH = YES;
				SDKROOT = iphoneos;
			};
			name = Debug;
		};
		8375685616DBFD99002687C4 /* Release */ = {
			isa = XCBuildConfiguration;
			buildSettings = {
				ALWAYS_SEARCH_USER_PATHS = NO;
				CLANG_CXX_LANGUAGE_STANDARD = "gnu++0x";
				CLANG_CXX_LIBRARY = "libc++";
				CLANG_ENABLE_OBJC_ARC = YES;
				CLANG_WARN_CONSTANT_CONVERSION = YES;
				CLANG_WARN_EMPTY_BODY = YES;
				CLANG_WARN_ENUM_CONVERSION = YES;
				CLANG_WARN_INT_CONVERSION = YES;
				CLANG_WARN__DUPLICATE_METHOD_MATCH = YES;
				"CODE_SIGN_IDENTITY[sdk=iphoneos*]" = "iPhone Developer";
				COPY_PHASE_STRIP = YES;
				GCC_C_LANGUAGE_STANDARD = gnu99;
				GCC_WARN_ABOUT_RETURN_TYPE = YES;
				GCC_WARN_UNINITIALIZED_AUTOS = YES;
				GCC_WARN_UNUSED_VARIABLE = YES;
				IPHONEOS_DEPLOYMENT_TARGET = 5.0;
				OTHER_CFLAGS = "-DNS_BLOCK_ASSERTIONS=1";
				SDKROOT = iphoneos;
				VALIDATE_PRODUCT = YES;
			};
			name = Release;
		};
		8375685816DBFD99002687C4 /* Debug */ = {
			isa = XCBuildConfiguration;
			buildSettings = {
				FRAMEWORK_SEARCH_PATHS = (
					"$(inherited)",
					"\"$(SRCROOT)/../Galileo-iOS-SDK/frameworks\"",
				);
				GCC_PRECOMPILE_PREFIX_HEADER = YES;
				GCC_PREFIX_HEADER = "HelloWorldGalileo/HelloWorldGalileo-Prefix.pch";
				INFOPLIST_FILE = "HelloWorldGalileo/HelloWorldGalileo-Info.plist";
				PRODUCT_NAME = "$(TARGET_NAME)";
				WRAPPER_EXTENSION = app;
			};
			name = Debug;
		};
		8375685916DBFD99002687C4 /* Release */ = {
			isa = XCBuildConfiguration;
			buildSettings = {
				FRAMEWORK_SEARCH_PATHS = (
					"$(inherited)",
					"\"$(SRCROOT)/../Galileo-iOS-SDK/frameworks\"",
				);
				GCC_PRECOMPILE_PREFIX_HEADER = YES;
				GCC_PREFIX_HEADER = "HelloWorldGalileo/HelloWorldGalileo-Prefix.pch";
				INFOPLIST_FILE = "HelloWorldGalileo/HelloWorldGalileo-Info.plist";
				PRODUCT_NAME = "$(TARGET_NAME)";
				WRAPPER_EXTENSION = app;
			};
			name = Release;
		};
/* End XCBuildConfiguration section */

/* Begin XCConfigurationList section */
		8375682F16DBFD99002687C4 /* Build configuration list for PBXProject "HelloWorldGalileo" */ = {
			isa = XCConfigurationList;
			buildConfigurations = (
				8375685516DBFD99002687C4 /* Debug */,
				8375685616DBFD99002687C4 /* Release */,
			);
			defaultConfigurationIsVisible = 0;
			defaultConfigurationName = Release;
		};
		8375685716DBFD99002687C4 /* Build configuration list for PBXNativeTarget "HelloWorldGalileo" */ = {
			isa = XCConfigurationList;
			buildConfigurations = (
				8375685816DBFD99002687C4 /* Debug */,
				8375685916DBFD99002687C4 /* Release */,
			);
			defaultConfigurationIsVisible = 0;
			defaultConfigurationName = Release;
		};
/* End XCConfigurationList section */
	};
	rootObject = 8375682C16DBFD99002687C4 /* Project object */;
}
